
Microsoft Visual Studio Solution File, Format Version 12.00
# Visual Studio Version 16
VisualStudioVersion = 16.0.29020.237
MinimumVisualStudioVersion = 10.0.40219.1
Project("{FAE04EC0-301F-11D3-BF4B-00C04F79EFBC}") = "Questionnaire4", "Questionnaire4\Questionnaire4.csproj", "{4D94F6F1-D19A-4DE6-9A71-160F474361B3}"
EndProject
Global
	GlobalSection(SolutionConfigurationPlatforms) = preSolution
		Debug|Any CPU = Debug|Any CPU
		Release|Any CPU = Release|Any CPU
	EndGlobalSection
	GlobalSection(ProjectConfigurationPlatforms) = postSolution
		{4D94F6F1-D19A-4DE6-9A71-160F474361B3}.Debug|Any CPU.ActiveCfg = Debug|Any CPU
		{4D94F6F1-D19A-4DE6-9A71-160F474361B3}.Debug|Any CPU.Build.0 = Debug|Any CPU
		{4D94F6F1-D19A-4DE6-9A71-160F474361B3}.Release|Any CPU.ActiveCfg = Release|Any CPU
		{4D94F6F1-D19A-4DE6-9A71-160F474361B3}.Release|Any CPU.Build.0 = Release|Any CPU
	EndGlobalSection
	GlobalSection(SolutionProperties) = preSolution
		HideSolutionNode = FALSE
	EndGlobalSection
	GlobalSection(ExtensibilityGlobals) = postSolution
		SolutionGuid = {F7A95540-EFCF-4B06-8179-2B9BB738A0B9}
	EndGlobalSection
EndGlobal
